
Microsoft Visual Studio Solution File, Format Version 12.00
# Visual Studio Version 17
VisualStudioVersion = 17.1.32210.238
MinimumVisualStudioVersion = 10.0.40219.1
Project("{FAE04EC0-301F-11D3-BF4B-00C04F79EFBC}") = "Dsl", "Dsl\Dsl.csproj", "{0C50AC51-5C5E-43BC-A79A-24E966689C4B}"
EndProject
Project("{FAE04EC0-301F-11D3-BF4B-00C04F79EFBC}") = "DslPackage", "DslPackage\DslPackage.csproj", "{651742C3-F49F-4E65-A937-6AB1A36469A9}"
EndProject
Global
	GlobalSection(SolutionConfigurationPlatforms) = preSolution
		Debug|Any CPU = Debug|Any CPU
		Debug|x86 = Debug|x86
		Release|Any CPU = Release|Any CPU
		Release|x86 = Release|x86
	EndGlobalSection
	GlobalSection(ProjectConfigurationPlatforms) = postSolution
		{0C50AC51-5C5E-43BC-A79A-24E966689C4B}.Debug|Any CPU.ActiveCfg = Debug|Any CPU
		{0C50AC51-5C5E-43BC-A79A-24E966689C4B}.Debug|Any CPU.Build.0 = Debug|Any CPU
		{0C50AC51-5C5E-43BC-A79A-24E966689C4B}.Debug|x86.ActiveCfg = Debug|Any CPU
		{0C50AC51-5C5E-43BC-A79A-24E966689C4B}.Debug|x86.Build.0 = Debug|Any CPU
		{0C50AC51-5C5E-43BC-A79A-24E966689C4B}.Release|Any CPU.ActiveCfg = Release|Any CPU
		{0C50AC51-5C5E-43BC-A79A-24E966689C4B}.Release|Any CPU.Build.0 = Release|Any CPU
		{0C50AC51-5C5E-43BC-A79A-24E966689C4B}.Release|x86.ActiveCfg = Release|Any CPU
		{0C50AC51-5C5E-43BC-A79A-24E966689C4B}.Release|x86.Build.0 = Release|Any CPU
		{651742C3-F49F-4E65-A937-6AB1A36469A9}.Debug|Any CPU.ActiveCfg = Debug|Any CPU
		{651742C3-F49F-4E65-A937-6AB1A36469A9}.Debug|Any CPU.Build.0 = Debug|Any CPU
		{651742C3-F49F-4E65-A937-6AB1A36469A9}.Debug|x86.ActiveCfg = Debug|x86
		{651742C3-F49F-4E65-A937-6AB1A36469A9}.Debug|x86.Build.0 = Debug|x86
		{651742C3-F49F-4E65-A937-6AB1A36469A9}.Release|Any CPU.ActiveCfg = Release|Any CPU
		{651742C3-F49F-4E65-A937-6AB1A36469A9}.Release|Any CPU.Build.0 = Release|Any CPU
		{651742C3-F49F-4E65-A937-6AB1A36469A9}.Release|x86.ActiveCfg = Release|x86
		{651742C3-F49F-4E65-A937-6AB1A36469A9}.Release|x86.Build.0 = Release|x86
	EndGlobalSection
	GlobalSection(SolutionProperties) = preSolution
		HideSolutionNode = FALSE
	EndGlobalSection
	GlobalSection(ExtensibilityGlobals) = postSolution
		SolutionGuid = {449AC559-5907-415C-9BFB-42EB243BEAA9}
	EndGlobalSection
EndGlobal
