
Microsoft Visual Studio Solution File, Format Version 12.00
# Visual Studio Version 17
VisualStudioVersion = 17.1.32210.238
MinimumVisualStudioVersion = 10.0.40219.1
Project("{FAE04EC0-301F-11D3-BF4B-00C04F79EFBC}") = "Dsl", "Dsl\Dsl.csproj", "{C0D5DE6E-209F-4969-9510-49D0321FABFF}"
EndProject
Project("{FAE04EC0-301F-11D3-BF4B-00C04F79EFBC}") = "DslPackage", "DslPackage\DslPackage.csproj", "{4DC968DF-4857-403B-809F-6D9ADB66790C}"
EndProject
Global
	GlobalSection(SolutionConfigurationPlatforms) = preSolution
		Debug|Any CPU = Debug|Any CPU
		Debug|x86 = Debug|x86
		Release|Any CPU = Release|Any CPU
		Release|x86 = Release|x86
	EndGlobalSection
	GlobalSection(ProjectConfigurationPlatforms) = postSolution
		{C0D5DE6E-209F-4969-9510-49D0321FABFF}.Debug|Any CPU.ActiveCfg = Debug|Any CPU
		{C0D5DE6E-209F-4969-9510-49D0321FABFF}.Debug|Any CPU.Build.0 = Debug|Any CPU
		{C0D5DE6E-209F-4969-9510-49D0321FABFF}.Debug|x86.ActiveCfg = Debug|Any CPU
		{C0D5DE6E-209F-4969-9510-49D0321FABFF}.Debug|x86.Build.0 = Debug|Any CPU
		{C0D5DE6E-209F-4969-9510-49D0321FABFF}.Release|Any CPU.ActiveCfg = Release|Any CPU
		{C0D5DE6E-209F-4969-9510-49D0321FABFF}.Release|Any CPU.Build.0 = Release|Any CPU
		{C0D5DE6E-209F-4969-9510-49D0321FABFF}.Release|x86.ActiveCfg = Release|Any CPU
		{C0D5DE6E-209F-4969-9510-49D0321FABFF}.Release|x86.Build.0 = Release|Any CPU
		{4DC968DF-4857-403B-809F-6D9ADB66790C}.Debug|Any CPU.ActiveCfg = Debug|Any CPU
		{4DC968DF-4857-403B-809F-6D9ADB66790C}.Debug|Any CPU.Build.0 = Debug|Any CPU
		{4DC968DF-4857-403B-809F-6D9ADB66790C}.Debug|x86.ActiveCfg = Debug|x86
		{4DC968DF-4857-403B-809F-6D9ADB66790C}.Debug|x86.Build.0 = Debug|x86
		{4DC968DF-4857-403B-809F-6D9ADB66790C}.Release|Any CPU.ActiveCfg = Release|Any CPU
		{4DC968DF-4857-403B-809F-6D9ADB66790C}.Release|Any CPU.Build.0 = Release|Any CPU
		{4DC968DF-4857-403B-809F-6D9ADB66790C}.Release|x86.ActiveCfg = Release|x86
		{4DC968DF-4857-403B-809F-6D9ADB66790C}.Release|x86.Build.0 = Release|x86
	EndGlobalSection
	GlobalSection(SolutionProperties) = preSolution
		HideSolutionNode = FALSE
	EndGlobalSection
	GlobalSection(ExtensibilityGlobals) = postSolution
		SolutionGuid = {52F7A884-8436-41B6-9ADB-2BC4B86E6C7B}
	EndGlobalSection
EndGlobal
