
Microsoft Visual Studio Solution File, Format Version 12.00
# Visual Studio 12
Project("{FAE04EC0-301F-11D3-BF4B-00C04F79EFBC}") = "Debugging", "Debugging.csproj", "{6f8eff58-29de-4e49-b594-f22340e3c0f1}"
EndProject
Global
	GlobalSection(TextTemplating) = postSolution
		TextTemplating = 1
	EndGlobalSection
	GlobalSection(SolutionConfigurationPlatforms) = preSolution
		Debug|Any CPU = Debug|Any CPU
		Release|Any CPU = Release|Any CPU
	EndGlobalSection
	GlobalSection(ProjectConfigurationPlatforms) = postSolution
		{6f8eff58-29de-4e49-b594-f22340e3c0f1}.Debug|Any CPU.ActiveCfg = Debug|Any CPU
		{6f8eff58-29de-4e49-b594-f22340e3c0f1}.Debug|Any CPU.Build.0 = Debug|Any CPU
		{6f8eff58-29de-4e49-b594-f22340e3c0f1}.Release|Any CPU.ActiveCfg = Release|Any CPU
		{6f8eff58-29de-4e49-b594-f22340e3c0f1}.Release|Any CPU.Build.0 = Release|Any CPU
	EndGlobalSection
	GlobalSection(SolutionProperties) = preSolution
		HideSolutionNode = FALSE
	EndGlobalSection
EndGlobal
