
Microsoft Visual Studio Solution File, Format Version 12.00
# Visual Studio Version 17
VisualStudioVersion = 17.1.32210.238
MinimumVisualStudioVersion = 10.0.40219.1
Project("{FAE04EC0-301F-11D3-BF4B-00C04F79EFBC}") = "Dsl", "Dsl\Dsl.csproj", "{61ED68E9-5073-48D9-ADE4-E6721C408740}"
EndProject
Project("{FAE04EC0-301F-11D3-BF4B-00C04F79EFBC}") = "DslPackage", "DslPackage\DslPackage.csproj", "{CA03F3C7-75D3-4EDD-9929-B26CED33EC39}"
EndProject
Global
	GlobalSection(SolutionConfigurationPlatforms) = preSolution
		Debug|Any CPU = Debug|Any CPU
		Debug|x86 = Debug|x86
		Release|Any CPU = Release|Any CPU
		Release|x86 = Release|x86
	EndGlobalSection
	GlobalSection(ProjectConfigurationPlatforms) = postSolution
		{61ED68E9-5073-48D9-ADE4-E6721C408740}.Debug|Any CPU.ActiveCfg = Debug|Any CPU
		{61ED68E9-5073-48D9-ADE4-E6721C408740}.Debug|Any CPU.Build.0 = Debug|Any CPU
		{61ED68E9-5073-48D9-ADE4-E6721C408740}.Debug|x86.ActiveCfg = Debug|Any CPU
		{61ED68E9-5073-48D9-ADE4-E6721C408740}.Debug|x86.Build.0 = Debug|Any CPU
		{61ED68E9-5073-48D9-ADE4-E6721C408740}.Release|Any CPU.ActiveCfg = Release|Any CPU
		{61ED68E9-5073-48D9-ADE4-E6721C408740}.Release|Any CPU.Build.0 = Release|Any CPU
		{61ED68E9-5073-48D9-ADE4-E6721C408740}.Release|x86.ActiveCfg = Release|Any CPU
		{61ED68E9-5073-48D9-ADE4-E6721C408740}.Release|x86.Build.0 = Release|Any CPU
		{CA03F3C7-75D3-4EDD-9929-B26CED33EC39}.Debug|Any CPU.ActiveCfg = Debug|Any CPU
		{CA03F3C7-75D3-4EDD-9929-B26CED33EC39}.Debug|Any CPU.Build.0 = Debug|Any CPU
		{CA03F3C7-75D3-4EDD-9929-B26CED33EC39}.Debug|x86.ActiveCfg = Debug|x86
		{CA03F3C7-75D3-4EDD-9929-B26CED33EC39}.Debug|x86.Build.0 = Debug|x86
		{CA03F3C7-75D3-4EDD-9929-B26CED33EC39}.Release|Any CPU.ActiveCfg = Release|Any CPU
		{CA03F3C7-75D3-4EDD-9929-B26CED33EC39}.Release|Any CPU.Build.0 = Release|Any CPU
		{CA03F3C7-75D3-4EDD-9929-B26CED33EC39}.Release|x86.ActiveCfg = Release|x86
		{CA03F3C7-75D3-4EDD-9929-B26CED33EC39}.Release|x86.Build.0 = Release|x86
	EndGlobalSection
	GlobalSection(SolutionProperties) = preSolution
		HideSolutionNode = FALSE
	EndGlobalSection
	GlobalSection(ExtensibilityGlobals) = postSolution
		SolutionGuid = {6E36E9DB-B860-47C7-A35E-23F7D77328BB}
	EndGlobalSection
	GlobalSection(TeamFoundationVersionControl) = preSolution
		SccNumberOfProjects = 3
		SccEnterpriseProvider = {4CA58AB2-18FA-4F8D-95D4-32DDF27D184C}
		SccTeamFoundationServer = http://172.17.130.27:8080/tfs/tesiuniversitarie
		SccLocalPath0 = .
		SccProjectUniqueName1 = Dsl\\Dsl.csproj
		SccProjectName1 = Dsl
		SccLocalPath1 = Dsl
		SccProjectUniqueName2 = DslPackage\\DslPackage.csproj
		SccProjectName2 = DslPackage
		SccLocalPath2 = DslPackage
	EndGlobalSection
EndGlobal
