
Microsoft Visual Studio Solution File, Format Version 12.00
# Visual Studio 12
Project("{FAE04EC0-301F-11D3-BF4B-00C04F79EFBC}") = "Debugging", "Debugging.csproj", "{c0ae4638-4e51-4248-b2b8-43a91c0c36e6}"
EndProject
Global
	GlobalSection(TextTemplating) = postSolution
		TextTemplating = 1
	EndGlobalSection
	GlobalSection(SolutionConfigurationPlatforms) = preSolution
		Debug|Any CPU = Debug|Any CPU
		Release|Any CPU = Release|Any CPU
	EndGlobalSection
	GlobalSection(ProjectConfigurationPlatforms) = postSolution
		{c0ae4638-4e51-4248-b2b8-43a91c0c36e6}.Debug|Any CPU.ActiveCfg = Debug|Any CPU
		{c0ae4638-4e51-4248-b2b8-43a91c0c36e6}.Debug|Any CPU.Build.0 = Debug|Any CPU
		{c0ae4638-4e51-4248-b2b8-43a91c0c36e6}.Release|Any CPU.ActiveCfg = Release|Any CPU
		{c0ae4638-4e51-4248-b2b8-43a91c0c36e6}.Release|Any CPU.Build.0 = Release|Any CPU
	EndGlobalSection
	GlobalSection(SolutionProperties) = preSolution
		HideSolutionNode = FALSE
	EndGlobalSection
EndGlobal
