
Microsoft Visual Studio Solution File, Format Version 12.00
# Visual Studio 12
Project("{FAE04EC0-301F-11D3-BF4B-00C04F79EFBC}") = "Debugging", "Debugging.csproj", "{e84b7772-67fc-4a1e-91b3-9bf91d2d9c0f}"
EndProject
Global
	GlobalSection(TextTemplating) = postSolution
		TextTemplating = 1
	EndGlobalSection
	GlobalSection(SolutionConfigurationPlatforms) = preSolution
		Debug|Any CPU = Debug|Any CPU
		Release|Any CPU = Release|Any CPU
	EndGlobalSection
	GlobalSection(ProjectConfigurationPlatforms) = postSolution
		{e84b7772-67fc-4a1e-91b3-9bf91d2d9c0f}.Debug|Any CPU.ActiveCfg = Debug|Any CPU
		{e84b7772-67fc-4a1e-91b3-9bf91d2d9c0f}.Debug|Any CPU.Build.0 = Debug|Any CPU
		{e84b7772-67fc-4a1e-91b3-9bf91d2d9c0f}.Release|Any CPU.ActiveCfg = Release|Any CPU
		{e84b7772-67fc-4a1e-91b3-9bf91d2d9c0f}.Release|Any CPU.Build.0 = Release|Any CPU
	EndGlobalSection
	GlobalSection(SolutionProperties) = preSolution
		HideSolutionNode = FALSE
	EndGlobalSection
EndGlobal
